
Microsoft Visual Studio Solution File, Format Version 12.00
# Visual Studio Version 17
VisualStudioVersion = 17.0.31903.59
MinimumVisualStudioVersion = 10.0.40219.1
Project("{FAE04EC0-301F-11D3-BF4B-00C04F79EFBC}") = "PaymentDetailApi", "PaymentDetailApi.csproj", "{BDE45433-C5C6-4B9D-A5A7-36EFDA520C87}"
EndProject
Project("{FAE04EC0-301F-11D3-BF4B-00C04F79EFBC}") = "PaymentDetailApi.UnitTests", "PaymentDetailApi.UnitTests\PaymentDetailApi.UnitTests.csproj", "{197D22E1-3DBA-4B33-94C3-7179E7E4B4B1}"
EndProject
Project("{FAE04EC0-301F-11D3-BF4B-00C04F79EFBC}") = "PaymentDetailApi.IntegrationTests", "PaymentDetailApi.IntegrationTests\PaymentDetailApi.IntegrationTests.csproj", "{00AF0557-6576-43E0-8517-7F8F454BE3E3}"
EndProject
Project("{FAE04EC0-301F-11D3-BF4B-00C04F79EFBC}") = "PaymentDetailApi.Gateway", "PaymentDetailApi.Gateway\PaymentDetailApi.Gateway.csproj", "{7A4CD11D-E45D-4265-B5BB-47570C4EDE84}"
EndProject
Project("{2150E333-8FDC-42A3-9474-1A3956D46DE8}") = "Solution Items", "Solution Items", "{8EC462FD-D22E-90A8-E5CE-7E832BA40C5D}"
EndProject
Global
	GlobalSection(SolutionConfigurationPlatforms) = preSolution
		Debug|Any CPU = Debug|Any CPU
		Debug|x64 = Debug|x64
		Debug|x86 = Debug|x86
		Release|Any CPU = Release|Any CPU
		Release|x64 = Release|x64
		Release|x86 = Release|x86
	EndGlobalSection
	GlobalSection(ProjectConfigurationPlatforms) = postSolution
		{BDE45433-C5C6-4B9D-A5A7-36EFDA520C87}.Debug|Any CPU.ActiveCfg = Debug|Any CPU
		{BDE45433-C5C6-4B9D-A5A7-36EFDA520C87}.Debug|Any CPU.Build.0 = Debug|Any CPU
		{BDE45433-C5C6-4B9D-A5A7-36EFDA520C87}.Debug|x64.ActiveCfg = Debug|Any CPU
		{BDE45433-C5C6-4B9D-A5A7-36EFDA520C87}.Debug|x64.Build.0 = Debug|Any CPU
		{BDE45433-C5C6-4B9D-A5A7-36EFDA520C87}.Debug|x86.ActiveCfg = Debug|Any CPU
		{BDE45433-C5C6-4B9D-A5A7-36EFDA520C87}.Debug|x86.Build.0 = Debug|Any CPU
		{BDE45433-C5C6-4B9D-A5A7-36EFDA520C87}.Release|Any CPU.ActiveCfg = Release|Any CPU
		{BDE45433-C5C6-4B9D-A5A7-36EFDA520C87}.Release|Any CPU.Build.0 = Release|Any CPU
		{BDE45433-C5C6-4B9D-A5A7-36EFDA520C87}.Release|x64.ActiveCfg = Release|Any CPU
		{BDE45433-C5C6-4B9D-A5A7-36EFDA520C87}.Release|x64.Build.0 = Release|Any CPU
		{BDE45433-C5C6-4B9D-A5A7-36EFDA520C87}.Release|x86.ActiveCfg = Release|Any CPU
		{BDE45433-C5C6-4B9D-A5A7-36EFDA520C87}.Release|x86.Build.0 = Release|Any CPU
		{197D22E1-3DBA-4B33-94C3-7179E7E4B4B1}.Debug|Any CPU.ActiveCfg = Debug|Any CPU
		{197D22E1-3DBA-4B33-94C3-7179E7E4B4B1}.Debug|Any CPU.Build.0 = Debug|Any CPU
		{197D22E1-3DBA-4B33-94C3-7179E7E4B4B1}.Debug|x64.ActiveCfg = Debug|Any CPU
		{197D22E1-3DBA-4B33-94C3-7179E7E4B4B1}.Debug|x64.Build.0 = Debug|Any CPU
		{197D22E1-3DBA-4B33-94C3-7179E7E4B4B1}.Debug|x86.ActiveCfg = Debug|Any CPU
		{197D22E1-3DBA-4B33-94C3-7179E7E4B4B1}.Debug|x86.Build.0 = Debug|Any CPU
		{197D22E1-3DBA-4B33-94C3-7179E7E4B4B1}.Release|Any CPU.ActiveCfg = Release|Any CPU
		{197D22E1-3DBA-4B33-94C3-7179E7E4B4B1}.Release|Any CPU.Build.0 = Release|Any CPU
		{197D22E1-3DBA-4B33-94C3-7179E7E4B4B1}.Release|x64.ActiveCfg = Release|Any CPU
		{197D22E1-3DBA-4B33-94C3-7179E7E4B4B1}.Release|x64.Build.0 = Release|Any CPU
		{197D22E1-3DBA-4B33-94C3-7179E7E4B4B1}.Release|x86.ActiveCfg = Release|Any CPU
		{197D22E1-3DBA-4B33-94C3-7179E7E4B4B1}.Release|x86.Build.0 = Release|Any CPU
		{00AF0557-6576-43E0-8517-7F8F454BE3E3}.Debug|Any CPU.ActiveCfg = Debug|Any CPU
		{00AF0557-6576-43E0-8517-7F8F454BE3E3}.Debug|Any CPU.Build.0 = Debug|Any CPU
		{00AF0557-6576-43E0-8517-7F8F454BE3E3}.Debug|x64.ActiveCfg = Debug|Any CPU
		{00AF0557-6576-43E0-8517-7F8F454BE3E3}.Debug|x64.Build.0 = Debug|Any CPU
		{00AF0557-6576-43E0-8517-7F8F454BE3E3}.Debug|x86.ActiveCfg = Debug|Any CPU
		{00AF0557-6576-43E0-8517-7F8F454BE3E3}.Debug|x86.Build.0 = Debug|Any CPU
		{00AF0557-6576-43E0-8517-7F8F454BE3E3}.Release|Any CPU.ActiveCfg = Release|Any CPU
		{00AF0557-6576-43E0-8517-7F8F454BE3E3}.Release|Any CPU.Build.0 = Release|Any CPU
		{00AF0557-6576-43E0-8517-7F8F454BE3E3}.Release|x64.ActiveCfg = Release|Any CPU
		{00AF0557-6576-43E0-8517-7F8F454BE3E3}.Release|x64.Build.0 = Release|Any CPU
		{00AF0557-6576-43E0-8517-7F8F454BE3E3}.Release|x86.ActiveCfg = Release|Any CPU
		{00AF0557-6576-43E0-8517-7F8F454BE3E3}.Release|x86.Build.0 = Release|Any CPU
		{7A4CD11D-E45D-4265-B5BB-47570C4EDE84}.Debug|Any CPU.ActiveCfg = Debug|Any CPU
		{7A4CD11D-E45D-4265-B5BB-47570C4EDE84}.Debug|Any CPU.Build.0 = Debug|Any CPU
		{7A4CD11D-E45D-4265-B5BB-47570C4EDE84}.Debug|x64.ActiveCfg = Debug|Any CPU
		{7A4CD11D-E45D-4265-B5BB-47570C4EDE84}.Debug|x64.Build.0 = Debug|Any CPU
		{7A4CD11D-E45D-4265-B5BB-47570C4EDE84}.Debug|x86.ActiveCfg = Debug|Any CPU
		{7A4CD11D-E45D-4265-B5BB-47570C4EDE84}.Debug|x86.Build.0 = Debug|Any CPU
		{7A4CD11D-E45D-4265-B5BB-47570C4EDE84}.Release|Any CPU.ActiveCfg = Release|Any CPU
		{7A4CD11D-E45D-4265-B5BB-47570C4EDE84}.Release|Any CPU.Build.0 = Release|Any CPU
		{7A4CD11D-E45D-4265-B5BB-47570C4EDE84}.Release|x64.ActiveCfg = Release|Any CPU
		{7A4CD11D-E45D-4265-B5BB-47570C4EDE84}.Release|x64.Build.0 = Release|Any CPU
		{7A4CD11D-E45D-4265-B5BB-47570C4EDE84}.Release|x86.ActiveCfg = Release|Any CPU
		{7A4CD11D-E45D-4265-B5BB-47570C4EDE84}.Release|x86.Build.0 = Release|Any CPU
	EndGlobalSection
	GlobalSection(SolutionProperties) = preSolution
		HideSolutionNode = FALSE
	EndGlobalSection
	GlobalSection(ExtensibilityGlobals) = postSolution
		SolutionGuid = {6D9D202E-6939-4FD6-8B2C-AD10B8FF024D}
	EndGlobalSection
EndGlobal
